
Microsoft Visual Studio Solution File, Format Version 12.00
# Visual Studio Version 17
VisualStudioVersion = 17.8.34408.163
MinimumVisualStudioVersion = 10.0.40219.1
Project("{FAE04EC0-301F-11D3-BF4B-00C04F79EFBC}") = "API", "FirstSession\API.csproj", "{CFE2D2B4-48E2-4E26-A4B8-D8686F97BDD4}"
EndProject
Project("{FAE04EC0-301F-11D3-BF4B-00C04F79EFBC}") = "DataCenter", "DataCenter\DataCenter.csproj", "{DC31750E-378B-4D4F-8129-CE483560FD3F}"
EndProject
Project("{FAE04EC0-301F-11D3-BF4B-00C04F79EFBC}") = "WebDekstop", "WebDekstop\WebDekstop.csproj", "{FA070DFF-31DF-40E2-97A3-9B7C1E0C9CFD}"
EndProject
Project("{FAE04EC0-301F-11D3-BF4B-00C04F79EFBC}") = "BogusData", "BogusData\BogusData.csproj", "{8744049B-DA7A-4AC4-AABD-8021AA531E7D}"
EndProject
Global
	GlobalSection(SolutionConfigurationPlatforms) = preSolution
		Debug|Any CPU = Debug|Any CPU
		Release|Any CPU = Release|Any CPU
	EndGlobalSection
	GlobalSection(ProjectConfigurationPlatforms) = postSolution
		{CFE2D2B4-48E2-4E26-A4B8-D8686F97BDD4}.Debug|Any CPU.ActiveCfg = Debug|Any CPU
		{CFE2D2B4-48E2-4E26-A4B8-D8686F97BDD4}.Debug|Any CPU.Build.0 = Debug|Any CPU
		{CFE2D2B4-48E2-4E26-A4B8-D8686F97BDD4}.Release|Any CPU.ActiveCfg = Release|Any CPU
		{CFE2D2B4-48E2-4E26-A4B8-D8686F97BDD4}.Release|Any CPU.Build.0 = Release|Any CPU
		{DC31750E-378B-4D4F-8129-CE483560FD3F}.Debug|Any CPU.ActiveCfg = Debug|Any CPU
		{DC31750E-378B-4D4F-8129-CE483560FD3F}.Debug|Any CPU.Build.0 = Debug|Any CPU
		{DC31750E-378B-4D4F-8129-CE483560FD3F}.Release|Any CPU.ActiveCfg = Release|Any CPU
		{DC31750E-378B-4D4F-8129-CE483560FD3F}.Release|Any CPU.Build.0 = Release|Any CPU
		{FA070DFF-31DF-40E2-97A3-9B7C1E0C9CFD}.Debug|Any CPU.ActiveCfg = Debug|Any CPU
		{FA070DFF-31DF-40E2-97A3-9B7C1E0C9CFD}.Debug|Any CPU.Build.0 = Debug|Any CPU
		{FA070DFF-31DF-40E2-97A3-9B7C1E0C9CFD}.Release|Any CPU.ActiveCfg = Release|Any CPU
		{FA070DFF-31DF-40E2-97A3-9B7C1E0C9CFD}.Release|Any CPU.Build.0 = Release|Any CPU
		{8744049B-DA7A-4AC4-AABD-8021AA531E7D}.Debug|Any CPU.ActiveCfg = Debug|Any CPU
		{8744049B-DA7A-4AC4-AABD-8021AA531E7D}.Debug|Any CPU.Build.0 = Debug|Any CPU
		{8744049B-DA7A-4AC4-AABD-8021AA531E7D}.Release|Any CPU.ActiveCfg = Release|Any CPU
		{8744049B-DA7A-4AC4-AABD-8021AA531E7D}.Release|Any CPU.Build.0 = Release|Any CPU
	EndGlobalSection
	GlobalSection(SolutionProperties) = preSolution
		HideSolutionNode = FALSE
	EndGlobalSection
	GlobalSection(ExtensibilityGlobals) = postSolution
		SolutionGuid = {E84DE977-B7FE-483D-9CE4-7EEA304FFB0F}
	EndGlobalSection
EndGlobal
