
Microsoft Visual Studio Solution File, Format Version 12.00
# Visual Studio Version 17
VisualStudioVersion = 17.8.34408.163
MinimumVisualStudioVersion = 10.0.40219.1
Project("{FAE04EC0-301F-11D3-BF4B-00C04F79EFBC}") = "SecondSesion", "SecondSesion\SecondSesion.csproj", "{1E2E2C62-D84B-4BDE-A989-A2643E786D26}"
EndProject
Project("{FAE04EC0-301F-11D3-BF4B-00C04F79EFBC}") = "DataCenter", "DataCenter\DataCenter.csproj", "{BB7A7072-ACFE-47CB-A06D-5D6D6386EAAA}"
EndProject
Global
	GlobalSection(SolutionConfigurationPlatforms) = preSolution
		Debug|Any CPU = Debug|Any CPU
		Release|Any CPU = Release|Any CPU
	EndGlobalSection
	GlobalSection(ProjectConfigurationPlatforms) = postSolution
		{1E2E2C62-D84B-4BDE-A989-A2643E786D26}.Debug|Any CPU.ActiveCfg = Debug|Any CPU
		{1E2E2C62-D84B-4BDE-A989-A2643E786D26}.Debug|Any CPU.Build.0 = Debug|Any CPU
		{1E2E2C62-D84B-4BDE-A989-A2643E786D26}.Release|Any CPU.ActiveCfg = Release|Any CPU
		{1E2E2C62-D84B-4BDE-A989-A2643E786D26}.Release|Any CPU.Build.0 = Release|Any CPU
		{BB7A7072-ACFE-47CB-A06D-5D6D6386EAAA}.Debug|Any CPU.ActiveCfg = Debug|Any CPU
		{BB7A7072-ACFE-47CB-A06D-5D6D6386EAAA}.Debug|Any CPU.Build.0 = Debug|Any CPU
		{BB7A7072-ACFE-47CB-A06D-5D6D6386EAAA}.Release|Any CPU.ActiveCfg = Release|Any CPU
		{BB7A7072-ACFE-47CB-A06D-5D6D6386EAAA}.Release|Any CPU.Build.0 = Release|Any CPU
	EndGlobalSection
	GlobalSection(SolutionProperties) = preSolution
		HideSolutionNode = FALSE
	EndGlobalSection
	GlobalSection(ExtensibilityGlobals) = postSolution
		SolutionGuid = {FEC9A79C-0E6D-41C3-9059-D702E2A83F41}
	EndGlobalSection
EndGlobal
